
Microsoft Visual Studio Solution File, Format Version 12.00
# Visual Studio Version 17
VisualStudioVersion = 17.2.32616.157
MinimumVisualStudioVersion = 10.0.40219.1
Project("{9A19103F-16F7-4668-BE54-9A1E7A4F7556}") = "RedisLibrary", "RedisLibrary.csproj", "{0702ABDB-646D-4FEC-95B3-92D5DD3DE49C}"
EndProject
Global
	GlobalSection(SolutionConfigurationPlatforms) = preSolution
		Debug|Any CPU = Debug|Any CPU
		Release|Any CPU = Release|Any CPU
	EndGlobalSection
	GlobalSection(ProjectConfigurationPlatforms) = postSolution
		{0702ABDB-646D-4FEC-95B3-92D5DD3DE49C}.Debug|Any CPU.ActiveCfg = Debug|Any CPU
		{0702ABDB-646D-4FEC-95B3-92D5DD3DE49C}.Debug|Any CPU.Build.0 = Debug|Any CPU
		{0702ABDB-646D-4FEC-95B3-92D5DD3DE49C}.Release|Any CPU.ActiveCfg = Release|Any CPU
		{0702ABDB-646D-4FEC-95B3-92D5DD3DE49C}.Release|Any CPU.Build.0 = Release|Any CPU
	EndGlobalSection
	GlobalSection(SolutionProperties) = preSolution
		HideSolutionNode = FALSE
	EndGlobalSection
	GlobalSection(ExtensibilityGlobals) = postSolution
		SolutionGuid = {AA922997-8230-4A7D-9DD2-57E7425F7508}
	EndGlobalSection
EndGlobal
